
Microsoft Visual Studio Solution File, Format Version 12.00
Project("{FAE04EC0-301F-11D3-BF4B-00C04F79EFBC}") = "Unique In Order", "Unique In Order\Unique In Order.csproj", "{1FC7BF4D-9DF3-4D45-A578-44B3C7639542}"
EndProject
Global
	GlobalSection(SolutionConfigurationPlatforms) = preSolution
		Debug|Any CPU = Debug|Any CPU
		Release|Any CPU = Release|Any CPU
	EndGlobalSection
	GlobalSection(ProjectConfigurationPlatforms) = postSolution
		{1FC7BF4D-9DF3-4D45-A578-44B3C7639542}.Debug|Any CPU.ActiveCfg = Debug|Any CPU
		{1FC7BF4D-9DF3-4D45-A578-44B3C7639542}.Debug|Any CPU.Build.0 = Debug|Any CPU
		{1FC7BF4D-9DF3-4D45-A578-44B3C7639542}.Release|Any CPU.ActiveCfg = Release|Any CPU
		{1FC7BF4D-9DF3-4D45-A578-44B3C7639542}.Release|Any CPU.Build.0 = Release|Any CPU
	EndGlobalSection
EndGlobal
