
Microsoft Visual Studio Solution File, Format Version 12.00
Project("{FAE04EC0-301F-11D3-BF4B-00C04F79EFBC}") = "Square n Sum", "Square n Sum\Square n Sum.csproj", "{107580AC-D72A-4D82-8158-6BB641DD49FE}"
EndProject
Global
	GlobalSection(SolutionConfigurationPlatforms) = preSolution
		Debug|Any CPU = Debug|Any CPU
		Release|Any CPU = Release|Any CPU
	EndGlobalSection
	GlobalSection(ProjectConfigurationPlatforms) = postSolution
		{107580AC-D72A-4D82-8158-6BB641DD49FE}.Debug|Any CPU.ActiveCfg = Debug|Any CPU
		{107580AC-D72A-4D82-8158-6BB641DD49FE}.Debug|Any CPU.Build.0 = Debug|Any CPU
		{107580AC-D72A-4D82-8158-6BB641DD49FE}.Release|Any CPU.ActiveCfg = Release|Any CPU
		{107580AC-D72A-4D82-8158-6BB641DD49FE}.Release|Any CPU.Build.0 = Release|Any CPU
	EndGlobalSection
EndGlobal
